<Solution>
  <Project Path="SentinelSuite.Framework.Domain.Shared/SentinelSuite.Framework.Domain.Shared.csproj" />
  <Project Path="SentinelSuite.Framework.Domain/SentinelSuite.Framework.Domain.csproj" />
  <Project Path="SentinelSuite.Framework.Domain.Shared.Tests/SentinelSuite.Framework.Domain.Shared.Tests.csproj" />
</Solution>
